// !$*UTF8*$!
{
	archiveVersion = 1;
	classes = {
	};
	objectVersion = 56;
	objects = {

/* Begin PBXBuildFile section */
		9D8D12202C385E6200351298 /* SwiftDataBirthdaysApp.swift in Sources */ = {isa = PBXBuildFile; fileRef = 9D8D121F2C385E6200351298 /* SwiftDataBirthdaysApp.swift */; };
		9D8D12222C385E6200351298 /* ContentView.swift in Sources */ = {isa = PBXBuildFile; fileRef = 9D8D12212C385E6200351298 /* ContentView.swift */; };
		9D8D12242C385E6300351298 /* Assets.xcassets in Resources */ = {isa = PBXBuildFile; fileRef = 9D8D12232C385E6300351298 /* Assets.xcassets */; };
		9D8D12272C385E6300351298 /* Preview Assets.xcassets in Resources */ = {isa = PBXBuildFile; fileRef = 9D8D12262C385E6300351298 /* Preview Assets.xcassets */; };
		9D8D12312C385E6300351298 /* SwiftDataBirthdaysTests.swift in Sources */ = {isa = PBXBuildFile; fileRef = 9D8D12302C385E6300351298 /* SwiftDataBirthdaysTests.swift */; };
		9D8D123B2C385E6300351298 /* SwiftDataBirthdaysUITests.swift in Sources */ = {isa = PBXBuildFile; fileRef = 9D8D123A2C385E6300351298 /* SwiftDataBirthdaysUITests.swift */; };
		9D8D123D2C385E6300351298 /* SwiftDataBirthdaysUITestsLaunchTests.swift in Sources */ = {isa = PBXBuildFile; fileRef = 9D8D123C2C385E6300351298 /* SwiftDataBirthdaysUITestsLaunchTests.swift */; };
		9D8D124A2C385E7900351298 /* Friend.swift in Sources */ = {isa = PBXBuildFile; fileRef = 9D8D12492C385E7900351298 /* Friend.swift */; };
/* End PBXBuildFile section */

/* Begin PBXContainerItemProxy section */
		9D8D122D2C385E6300351298 /* PBXContainerItemProxy */ = {
			isa = PBXContainerItemProxy;
			containerPortal = 9D8D12142C385E6200351298 /* Project object */;
			proxyType = 1;
			remoteGlobalIDString = 9D8D121B2C385E6200351298;
			remoteInfo = SwiftDataBirthdays;
		};
		9D8D12372C385E6300351298 /* PBXContainerItemProxy */ = {
			isa = PBXContainerItemProxy;
			containerPortal = 9D8D12142C385E6200351298 /* Project object */;
			proxyType = 1;
			remoteGlobalIDString = 9D8D121B2C385E6200351298;
			remoteInfo = SwiftDataBirthdays;
		};
/* End PBXContainerItemProxy section */

/* Begin PBXFileReference section */
		9D8D121C2C385E6200351298 /* SwiftDataBirthdays.app */ = {isa = PBXFileReference; explicitFileType = wrapper.application; includeInIndex = 0; path = SwiftDataBirthdays.app; sourceTree = BUILT_PRODUCTS_DIR; };
		9D8D121F2C385E6200351298 /* SwiftDataBirthdaysApp.swift */ = {isa = PBXFileReference; lastKnownFileType = sourcecode.swift; path = SwiftDataBirthdaysApp.swift; sourceTree = "<group>"; };
		9D8D12212C385E6200351298 /* ContentView.swift */ = {isa = PBXFileReference; lastKnownFileType = sourcecode.swift; path = ContentView.swift; sourceTree = "<group>"; };
		9D8D12232C385E6300351298 /* Assets.xcassets */ = {isa = PBXFileReference; lastKnownFileType = folder.assetcatalog; path = Assets.xcassets; sourceTree = "<group>"; };
		9D8D12262C385E6300351298 /* Preview Assets.xcassets */ = {isa = PBXFileReference; lastKnownFileType = folder.assetcatalog; path = "Preview Assets.xcassets"; sourceTree = "<group>"; };
		9D8D122C2C385E6300351298 /* SwiftDataBirthdaysTests.xctest */ = {isa = PBXFileReference; explicitFileType = wrapper.cfbundle; includeInIndex = 0; path = SwiftDataBirthdaysTests.xctest; sourceTree = BUILT_PRODUCTS_DIR; };
		9D8D12302C385E6300351298 /* SwiftDataBirthdaysTests.swift */ = {isa = PBXFileReference; lastKnownFileType = sourcecode.swift; path = SwiftDataBirthdaysTests.swift; sourceTree = "<group>"; };
		9D8D12362C385E6300351298 /* SwiftDataBirthdaysUITests.xctest */ = {isa = PBXFileReference; explicitFileType = wrapper.cfbundle; includeInIndex = 0; path = SwiftDataBirthdaysUITests.xctest; sourceTree = BUILT_PRODUCTS_DIR; };
		9D8D123A2C385E6300351298 /* SwiftDataBirthdaysUITests.swift */ = {isa = PBXFileReference; lastKnownFileType = sourcecode.swift; path = SwiftDataBirthdaysUITests.swift; sourceTree = "<group>"; };
		9D8D123C2C385E6300351298 /* SwiftDataBirthdaysUITestsLaunchTests.swift */ = {isa = PBXFileReference; lastKnownFileType = sourcecode.swift; path = SwiftDataBirthdaysUITestsLaunchTests.swift; sourceTree = "<group>"; };
		9D8D12492C385E7900351298 /* Friend.swift */ = {isa = PBXFileReference; lastKnownFileType = sourcecode.swift; path = Friend.swift; sourceTree = "<group>"; };
/* End PBXFileReference section */

/* Begin PBXFrameworksBuildPhase section */
		9D8D12192C385E6200351298 /* Frameworks */ = {
			isa = PBXFrameworksBuildPhase;
			buildActionMask = 2147483647;
			files = (
			);
			runOnlyForDeploymentPostprocessing = 0;
		};
		9D8D12292C385E6300351298 /* Frameworks */ = {
			isa = PBXFrameworksBuildPhase;
			buildActionMask = 2147483647;
			files = (
			);
			runOnlyForDeploymentPostprocessing = 0;
		};
		9D8D12332C385E6300351298 /* Frameworks */ = {
			isa = PBXFrameworksBuildPhase;
			buildActionMask = 2147483647;
			files = (
			);
			runOnlyForDeploymentPostprocessing = 0;
		};
/* End PBXFrameworksBuildPhase section */

/* Begin PBXGroup section */
		9D8D12132C385E6200351298 = {
			isa = PBXGroup;
			children = (
				9D8D121E2C385E6200351298 /* SwiftDataBirthdays */,
				9D8D122F2C385E6300351298 /* SwiftDataBirthdaysTests */,
				9D8D12392C385E6300351298 /* SwiftDataBirthdaysUITests */,
				9D8D121D2C385E6200351298 /* Products */,
			);
			sourceTree = "<group>";
		};
		9D8D121D2C385E6200351298 /* Products */ = {
			isa = PBXGroup;
			children = (
				9D8D121C2C385E6200351298 /* SwiftDataBirthdays.app */,
				9D8D122C2C385E6300351298 /* SwiftDataBirthdaysTests.xctest */,
				9D8D12362C385E6300351298 /* SwiftDataBirthdaysUITests.xctest */,
			);
			name = Products;
			sourceTree = "<group>";
		};
		9D8D121E2C385E6200351298 /* SwiftDataBirthdays */ = {
			isa = PBXGroup;
			children = (
				9D8D121F2C385E6200351298 /* SwiftDataBirthdaysApp.swift */,
				9D8D12212C385E6200351298 /* ContentView.swift */,
				9D8D12232C385E6300351298 /* Assets.xcassets */,
				9D8D12252C385E6300351298 /* Preview Content */,
				9D8D12492C385E7900351298 /* Friend.swift */,
			);
			path = SwiftDataBirthdays;
			sourceTree = "<group>";
		};
		9D8D12252C385E6300351298 /* Preview Content */ = {
			isa = PBXGroup;
			children = (
				9D8D12262C385E6300351298 /* Preview Assets.xcassets */,
			);
			path = "Preview Content";
			sourceTree = "<group>";
		};
		9D8D122F2C385E6300351298 /* SwiftDataBirthdaysTests */ = {
			isa = PBXGroup;
			children = (
				9D8D12302C385E6300351298 /* SwiftDataBirthdaysTests.swift */,
			);
			path = SwiftDataBirthdaysTests;
			sourceTree = "<group>";
		};
		9D8D12392C385E6300351298 /* SwiftDataBirthdaysUITests */ = {
			isa = PBXGroup;
			children = (
				9D8D123A2C385E6300351298 /* SwiftDataBirthdaysUITests.swift */,
				9D8D123C2C385E6300351298 /* SwiftDataBirthdaysUITestsLaunchTests.swift */,
			);
			path = SwiftDataBirthdaysUITests;
			sourceTree = "<group>";
		};
/* End PBXGroup section */

/* Begin PBXNativeTarget section */
		9D8D121B2C385E6200351298 /* SwiftDataBirthdays */ = {
			isa = PBXNativeTarget;
			buildConfigurationList = 9D8D12402C385E6300351298 /* Build configuration list for PBXNativeTarget "SwiftDataBirthdays" */;
			buildPhases = (
				9D8D12182C385E6200351298 /* Sources */,
				9D8D12192C385E6200351298 /* Frameworks */,
				9D8D121A2C385E6200351298 /* Resources */,
			);
			buildRules = (
			);
			dependencies = (
			);
			name = SwiftDataBirthdays;
			productName = SwiftDataBirthdays;
			productReference = 9D8D121C2C385E6200351298 /* SwiftDataBirthdays.app */;
			productType = "com.apple.product-type.application";
		};
		9D8D122B2C385E6300351298 /* SwiftDataBirthdaysTests */ = {
			isa = PBXNativeTarget;
			buildConfigurationList = 9D8D12432C385E6300351298 /* Build configuration list for PBXNativeTarget "SwiftDataBirthdaysTests" */;
			buildPhases = (
				9D8D12282C385E6300351298 /* Sources */,
				9D8D12292C385E6300351298 /* Frameworks */,
				9D8D122A2C385E6300351298 /* Resources */,
			);
			buildRules = (
			);
			dependencies = (
				9D8D122E2C385E6300351298 /* PBXTargetDependency */,
			);
			name = SwiftDataBirthdaysTests;
			productName = SwiftDataBirthdaysTests;
			productReference = 9D8D122C2C385E6300351298 /* SwiftDataBirthdaysTests.xctest */;
			productType = "com.apple.product-type.bundle.unit-test";
		};
		9D8D12352C385E6300351298 /* SwiftDataBirthdaysUITests */ = {
			isa = PBXNativeTarget;
			buildConfigurationList = 9D8D12462C385E6300351298 /* Build configuration list for PBXNativeTarget "SwiftDataBirthdaysUITests" */;
			buildPhases = (
				9D8D12322C385E6300351298 /* Sources */,
				9D8D12332C385E6300351298 /* Frameworks */,
				9D8D12342C385E6300351298 /* Resources */,
			);
			buildRules = (
			);
			dependencies = (
				9D8D12382C385E6300351298 /* PBXTargetDependency */,
			);
			name = SwiftDataBirthdaysUITests;
			productName = SwiftDataBirthdaysUITests;
			productReference = 9D8D12362C385E6300351298 /* SwiftDataBirthdaysUITests.xctest */;
			productType = "com.apple.product-type.bundle.ui-testing";
		};
/* End PBXNativeTarget section */

/* Begin PBXProject section */
		9D8D12142C385E6200351298 /* Project object */ = {
			isa = PBXProject;
			attributes = {
				BuildIndependentTargetsInParallel = 1;
				LastSwiftUpdateCheck = 1540;
				LastUpgradeCheck = 1540;
				TargetAttributes = {
					9D8D121B2C385E6200351298 = {
						CreatedOnToolsVersion = 15.4;
					};
					9D8D122B2C385E6300351298 = {
						CreatedOnToolsVersion = 15.4;
						TestTargetID = 9D8D121B2C385E6200351298;
					};
					9D8D12352C385E6300351298 = {
						CreatedOnToolsVersion = 15.4;
						TestTargetID = 9D8D121B2C385E6200351298;
					};
				};
			};
			buildConfigurationList = 9D8D12172C385E6200351298 /* Build configuration list for PBXProject "SwiftDataBirthdays" */;
			compatibilityVersion = "Xcode 14.0";
			developmentRegion = en;
			hasScannedForEncodings = 0;
			knownRegions = (
				en,
				Base,
			);
			mainGroup = 9D8D12132C385E6200351298;
			productRefGroup = 9D8D121D2C385E6200351298 /* Products */;
			projectDirPath = "";
			projectRoot = "";
			targets = (
				9D8D121B2C385E6200351298 /* SwiftDataBirthdays */,
				9D8D122B2C385E6300351298 /* SwiftDataBirthdaysTests */,
				9D8D12352C385E6300351298 /* SwiftDataBirthdaysUITests */,
			);
		};
/* End PBXProject section */

/* Begin PBXResourcesBuildPhase section */
		9D8D121A2C385E6200351298 /* Resources */ = {
			isa = PBXResourcesBuildPhase;
			buildActionMask = 2147483647;
			files = (
				9D8D12272C385E6300351298 /* Preview Assets.xcassets in Resources */,
				9D8D12242C385E6300351298 /* Assets.xcassets in Resources */,
			);
			runOnlyForDeploymentPostprocessing = 0;
		};
		9D8D122A2C385E6300351298 /* Resources */ = {
			isa = PBXResourcesBuildPhase;
			buildActionMask = 2147483647;
			files = (
			);
			runOnlyForDeploymentPostprocessing = 0;
		};
		9D8D12342C385E6300351298 /* Resources */ = {
			isa = PBXResourcesBuildPhase;
			buildActionMask = 2147483647;
			files = (
			);
			runOnlyForDeploymentPostprocessing = 0;
		};
/* End PBXResourcesBuildPhase section */

/* Begin PBXSourcesBuildPhase section */
		9D8D12182C385E6200351298 /* Sources */ = {
			isa = PBXSourcesBuildPhase;
			buildActionMask = 2147483647;
			files = (
				9D8D124A2C385E7900351298 /* Friend.swift in Sources */,
				9D8D12222C385E6200351298 /* ContentView.swift in Sources */,
				9D8D12202C385E6200351298 /* SwiftDataBirthdaysApp.swift in Sources */,
			);
			runOnlyForDeploymentPostprocessing = 0;
		};
		9D8D12282C385E6300351298 /* Sources */ = {
			isa = PBXSourcesBuildPhase;
			buildActionMask = 2147483647;
			files = (
				9D8D12312C385E6300351298 /* SwiftDataBirthdaysTests.swift in Sources */,
			);
			runOnlyForDeploymentPostprocessing = 0;
		};
		9D8D12322C385E6300351298 /* Sources */ = {
			isa = PBXSourcesBuildPhase;
			buildActionMask = 2147483647;
			files = (
				9D8D123B2C385E6300351298 /* SwiftDataBirthdaysUITests.swift in Sources */,
				9D8D123D2C385E6300351298 /* SwiftDataBirthdaysUITestsLaunchTests.swift in Sources */,
			);
			runOnlyForDeploymentPostprocessing = 0;
		};
/* End PBXSourcesBuildPhase section */

/* Begin PBXTargetDependency section */
		9D8D122E2C385E6300351298 /* PBXTargetDependency */ = {
			isa = PBXTargetDependency;
			target = 9D8D121B2C385E6200351298 /* SwiftDataBirthdays */;
			targetProxy = 9D8D122D2C385E6300351298 /* PBXContainerItemProxy */;
		};
		9D8D12382C385E6300351298 /* PBXTargetDependency */ = {
			isa = PBXTargetDependency;
			target = 9D8D121B2C385E6200351298 /* SwiftDataBirthdays */;
			targetProxy = 9D8D12372C385E6300351298 /* PBXContainerItemProxy */;
		};
/* End PBXTargetDependency section */

/* Begin XCBuildConfiguration section */
		9D8D123E2C385E6300351298 /* Debug */ = {
			isa = XCBuildConfiguration;
			buildSettings = {
				ALWAYS_SEARCH_USER_PATHS = NO;
				ASSETCATALOG_COMPILER_GENERATE_SWIFT_ASSET_SYMBOL_EXTENSIONS = YES;
				CLANG_ANALYZER_NONNULL = YES;
				CLANG_ANALYZER_NUMBER_OBJECT_CONVERSION = YES_AGGRESSIVE;
				CLANG_CXX_LANGUAGE_STANDARD = "gnu++20";
				CLANG_ENABLE_MODULES = YES;
				CLANG_ENABLE_OBJC_ARC = YES;
				CLANG_ENABLE_OBJC_WEAK = YES;
				CLANG_WARN_BLOCK_CAPTURE_AUTORELEASING = YES;
				CLANG_WARN_BOOL_CONVERSION = YES;
				CLANG_WARN_COMMA = YES;
				CLANG_WARN_CONSTANT_CONVERSION = YES;
				CLANG_WARN_DEPRECATED_OBJC_IMPLEMENTATIONS = YES;
				CLANG_WARN_DIRECT_OBJC_ISA_USAGE = YES_ERROR;
				CLANG_WARN_DOCUMENTATION_COMMENTS = YES;
				CLANG_WARN_EMPTY_BODY = YES;
				CLANG_WARN_ENUM_CONVERSION = YES;
				CLANG_WARN_INFINITE_RECURSION = YES;
				CLANG_WARN_INT_CONVERSION = YES;
				CLANG_WARN_NON_LITERAL_NULL_CONVERSION = YES;
				CLANG_WARN_OBJC_IMPLICIT_RETAIN_SELF = YES;
				CLANG_WARN_OBJC_LITERAL_CONVERSION = YES;
				CLANG_WARN_OBJC_ROOT_CLASS = YES_ERROR;
				CLANG_WARN_QUOTED_INCLUDE_IN_FRAMEWORK_HEADER = YES;
				CLANG_WARN_RANGE_LOOP_ANALYSIS = YES;
				CLANG_WARN_STRICT_PROTOTYPES = YES;
				CLANG_WARN_SUSPICIOUS_MOVE = YES;
				CLANG_WARN_UNGUARDED_AVAILABILITY = YES_AGGRESSIVE;
				CLANG_WARN_UNREACHABLE_CODE = YES;
				CLANG_WARN__DUPLICATE_METHOD_MATCH = YES;
				COPY_PHASE_STRIP = NO;
				DEBUG_INFORMATION_FORMAT = dwarf;
				ENABLE_STRICT_OBJC_MSGSEND = YES;
				ENABLE_TESTABILITY = YES;
				ENABLE_USER_SCRIPT_SANDBOXING = YES;
				GCC_C_LANGUAGE_STANDARD = gnu17;
				GCC_DYNAMIC_NO_PIC = NO;
				GCC_NO_COMMON_BLOCKS = YES;
				GCC_OPTIMIZATION_LEVEL = 0;
				GCC_PREPROCESSOR_DEFINITIONS = (
					"DEBUG=1",
					"$(inherited)",
				);
				GCC_WARN_64_TO_32_BIT_CONVERSION = YES;
				GCC_WARN_ABOUT_RETURN_TYPE = YES_ERROR;
				GCC_WARN_UNDECLARED_SELECTOR = YES;
				GCC_WARN_UNINITIALIZED_AUTOS = YES_AGGRESSIVE;
				GCC_WARN_UNUSED_FUNCTION = YES;
				GCC_WARN_UNUSED_VARIABLE = YES;
				IPHONEOS_DEPLOYMENT_TARGET = 17.5;
				LOCALIZATION_PREFERS_STRING_CATALOGS = YES;
				MTL_ENABLE_DEBUG_INFO = INCLUDE_SOURCE;
				MTL_FAST_MATH = YES;
				ONLY_ACTIVE_ARCH = YES;
				SDKROOT = iphoneos;
				SWIFT_ACTIVE_COMPILATION_CONDITIONS = "DEBUG $(inherited)";
				SWIFT_OPTIMIZATION_LEVEL = "-Onone";
			};
			name = Debug;
		};
		9D8D123F2C385E6300351298 /* Release */ = {
			isa = XCBuildConfiguration;
			buildSettings = {
				ALWAYS_SEARCH_USER_PATHS = NO;
				ASSETCATALOG_COMPILER_GENERATE_SWIFT_ASSET_SYMBOL_EXTENSIONS = YES;
				CLANG_ANALYZER_NONNULL = YES;
				CLANG_ANALYZER_NUMBER_OBJECT_CONVERSION = YES_AGGRESSIVE;
				CLANG_CXX_LANGUAGE_STANDARD = "gnu++20";
				CLANG_ENABLE_MODULES = YES;
				CLANG_ENABLE_OBJC_ARC = YES;
				CLANG_ENABLE_OBJC_WEAK = YES;
				CLANG_WARN_BLOCK_CAPTURE_AUTORELEASING = YES;
				CLANG_WARN_BOOL_CONVERSION = YES;
				CLANG_WARN_COMMA = YES;
				CLANG_WARN_CONSTANT_CONVERSION = YES;
				CLANG_WARN_DEPRECATED_OBJC_IMPLEMENTATIONS = YES;
				CLANG_WARN_DIRECT_OBJC_ISA_USAGE = YES_ERROR;
				CLANG_WARN_DOCUMENTATION_COMMENTS = YES;
				CLANG_WARN_EMPTY_BODY = YES;
				CLANG_WARN_ENUM_CONVERSION = YES;
				CLANG_WARN_INFINITE_RECURSION = YES;
				CLANG_WARN_INT_CONVERSION = YES;
				CLANG_WARN_NON_LITERAL_NULL_CONVERSION = YES;
				CLANG_WARN_OBJC_IMPLICIT_RETAIN_SELF = YES;
				CLANG_WARN_OBJC_LITERAL_CONVERSION = YES;
				CLANG_WARN_OBJC_ROOT_CLASS = YES_ERROR;
				CLANG_WARN_QUOTED_INCLUDE_IN_FRAMEWORK_HEADER = YES;
				CLANG_WARN_RANGE_LOOP_ANALYSIS = YES;
				CLANG_WARN_STRICT_PROTOTYPES = YES;
				CLANG_WARN_SUSPICIOUS_MOVE = YES;
				CLANG_WARN_UNGUARDED_AVAILABILITY = YES_AGGRESSIVE;
				CLANG_WARN_UNREACHABLE_CODE = YES;
				CLANG_WARN__DUPLICATE_METHOD_MATCH = YES;
				COPY_PHASE_STRIP = NO;
				DEBUG_INFORMATION_FORMAT = "dwarf-with-dsym";
				ENABLE_NS_ASSERTIONS = NO;
				ENABLE_STRICT_OBJC_MSGSEND = YES;
				ENABLE_USER_SCRIPT_SANDBOXING = YES;
				GCC_C_LANGUAGE_STANDARD = gnu17;
				GCC_NO_COMMON_BLOCKS = YES;
				GCC_WARN_64_TO_32_BIT_CONVERSION = YES;
				GCC_WARN_ABOUT_RETURN_TYPE = YES_ERROR;
				GCC_WARN_UNDECLARED_SELECTOR = YES;
				GCC_WARN_UNINITIALIZED_AUTOS = YES_AGGRESSIVE;
				GCC_WARN_UNUSED_FUNCTION = YES;
				GCC_WARN_UNUSED_VARIABLE = YES;
				IPHONEOS_DEPLOYMENT_TARGET = 17.5;
				LOCALIZATION_PREFERS_STRING_CATALOGS = YES;
				MTL_ENABLE_DEBUG_INFO = NO;
				MTL_FAST_MATH = YES;
				SDKROOT = iphoneos;
				SWIFT_COMPILATION_MODE = wholemodule;
				VALIDATE_PRODUCT = YES;
			};
			name = Release;
		};
		9D8D12412C385E6300351298 /* Debug */ = {
			isa = XCBuildConfiguration;
			buildSettings = {
				ASSETCATALOG_COMPILER_APPICON_NAME = AppIcon;
				ASSETCATALOG_COMPILER_GLOBAL_ACCENT_COLOR_NAME = AccentColor;
				CODE_SIGN_STYLE = Automatic;
				CURRENT_PROJECT_VERSION = 1;
				DEVELOPMENT_ASSET_PATHS = "\"SwiftDataBirthdays/Preview Content\"";
				DEVELOPMENT_TEAM = 9CPBHL5DUL;
				ENABLE_PREVIEWS = YES;
				GENERATE_INFOPLIST_FILE = YES;
				INFOPLIST_KEY_UIApplicationSceneManifest_Generation = YES;
				INFOPLIST_KEY_UIApplicationSupportsIndirectInputEvents = YES;
				INFOPLIST_KEY_UILaunchScreen_Generation = YES;
				INFOPLIST_KEY_UISupportedInterfaceOrientations_iPad = "UIInterfaceOrientationPortrait UIInterfaceOrientationPortraitUpsideDown UIInterfaceOrientationLandscapeLeft UIInterfaceOrientationLandscapeRight";
				INFOPLIST_KEY_UISupportedInterfaceOrientations_iPhone = "UIInterfaceOrientationPortrait UIInterfaceOrientationLandscapeLeft UIInterfaceOrientationLandscapeRight";
				LD_RUNPATH_SEARCH_PATHS = (
					"$(inherited)",
					"@executable_path/Frameworks",
				);
				MARKETING_VERSION = 1.0;
				PRODUCT_BUNDLE_IDENTIFIER = com.jhtutorial.SwiftDataBirthdays;
				PRODUCT_NAME = "$(TARGET_NAME)";
				SWIFT_EMIT_LOC_STRINGS = YES;
				SWIFT_VERSION = 5.0;
				TARGETED_DEVICE_FAMILY = "1,2";
			};
			name = Debug;
		};
		9D8D12422C385E6300351298 /* Release */ = {
			isa = XCBuildConfiguration;
			buildSettings = {
				ASSETCATALOG_COMPILER_APPICON_NAME = AppIcon;
				ASSETCATALOG_COMPILER_GLOBAL_ACCENT_COLOR_NAME = AccentColor;
				CODE_SIGN_STYLE = Automatic;
				CURRENT_PROJECT_VERSION = 1;
				DEVELOPMENT_ASSET_PATHS = "\"SwiftDataBirthdays/Preview Content\"";
				DEVELOPMENT_TEAM = 9CPBHL5DUL;
				ENABLE_PREVIEWS = YES;
				GENERATE_INFOPLIST_FILE = YES;
				INFOPLIST_KEY_UIApplicationSceneManifest_Generation = YES;
				INFOPLIST_KEY_UIApplicationSupportsIndirectInputEvents = YES;
				INFOPLIST_KEY_UILaunchScreen_Generation = YES;
				INFOPLIST_KEY_UISupportedInterfaceOrientations_iPad = "UIInterfaceOrientationPortrait UIInterfaceOrientationPortraitUpsideDown UIInterfaceOrientationLandscapeLeft UIInterfaceOrientationLandscapeRight";
				INFOPLIST_KEY_UISupportedInterfaceOrientations_iPhone = "UIInterfaceOrientationPortrait UIInterfaceOrientationLandscapeLeft UIInterfaceOrientationLandscapeRight";
				LD_RUNPATH_SEARCH_PATHS = (
					"$(inherited)",
					"@executable_path/Frameworks",
				);
				MARKETING_VERSION = 1.0;
				PRODUCT_BUNDLE_IDENTIFIER = com.jhtutorial.SwiftDataBirthdays;
				PRODUCT_NAME = "$(TARGET_NAME)";
				SWIFT_EMIT_LOC_STRINGS = YES;
				SWIFT_VERSION = 5.0;
				TARGETED_DEVICE_FAMILY = "1,2";
			};
			name = Release;
		};
		9D8D12442C385E6300351298 /* Debug */ = {
			isa = XCBuildConfiguration;
			buildSettings = {
				ALWAYS_EMBED_SWIFT_STANDARD_LIBRARIES = YES;
				BUNDLE_LOADER = "$(TEST_HOST)";
				CODE_SIGN_STYLE = Automatic;
				CURRENT_PROJECT_VERSION = 1;
				DEVELOPMENT_TEAM = 9CPBHL5DUL;
				GENERATE_INFOPLIST_FILE = YES;
				IPHONEOS_DEPLOYMENT_TARGET = 17.5;
				MARKETING_VERSION = 1.0;
				PRODUCT_BUNDLE_IDENTIFIER = com.jhtutorial.SwiftDataBirthdaysTests;
				PRODUCT_NAME = "$(TARGET_NAME)";
				SWIFT_EMIT_LOC_STRINGS = NO;
				SWIFT_VERSION = 5.0;
				TARGETED_DEVICE_FAMILY = "1,2";
				TEST_HOST = "$(BUILT_PRODUCTS_DIR)/SwiftDataBirthdays.app/$(BUNDLE_EXECUTABLE_FOLDER_PATH)/SwiftDataBirthdays";
			};
			name = Debug;
		};
		9D8D12452C385E6300351298 /* Release */ = {
			isa = XCBuildConfiguration;
			buildSettings = {
				ALWAYS_EMBED_SWIFT_STANDARD_LIBRARIES = YES;
				BUNDLE_LOADER = "$(TEST_HOST)";
				CODE_SIGN_STYLE = Automatic;
				CURRENT_PROJECT_VERSION = 1;
				DEVELOPMENT_TEAM = 9CPBHL5DUL;
				GENERATE_INFOPLIST_FILE = YES;
				IPHONEOS_DEPLOYMENT_TARGET = 17.5;
				MARKETING_VERSION = 1.0;
				PRODUCT_BUNDLE_IDENTIFIER = com.jhtutorial.SwiftDataBirthdaysTests;
				PRODUCT_NAME = "$(TARGET_NAME)";
				SWIFT_EMIT_LOC_STRINGS = NO;
				SWIFT_VERSION = 5.0;
				TARGETED_DEVICE_FAMILY = "1,2";
				TEST_HOST = "$(BUILT_PRODUCTS_DIR)/SwiftDataBirthdays.app/$(BUNDLE_EXECUTABLE_FOLDER_PATH)/SwiftDataBirthdays";
			};
			name = Release;
		};
		9D8D12472C385E6300351298 /* Debug */ = {
			isa = XCBuildConfiguration;
			buildSettings = {
				ALWAYS_EMBED_SWIFT_STANDARD_LIBRARIES = YES;
				CODE_SIGN_STYLE = Automatic;
				CURRENT_PROJECT_VERSION = 1;
				DEVELOPMENT_TEAM = 9CPBHL5DUL;
				GENERATE_INFOPLIST_FILE = YES;
				MARKETING_VERSION = 1.0;
				PRODUCT_BUNDLE_IDENTIFIER = com.jhtutorial.SwiftDataBirthdaysUITests;
				PRODUCT_NAME = "$(TARGET_NAME)";
				SWIFT_EMIT_LOC_STRINGS = NO;
				SWIFT_VERSION = 5.0;
				TARGETED_DEVICE_FAMILY = "1,2";
				TEST_TARGET_NAME = SwiftDataBirthdays;
			};
			name = Debug;
		};
		9D8D12482C385E6300351298 /* Release */ = {
			isa = XCBuildConfiguration;
			buildSettings = {
				ALWAYS_EMBED_SWIFT_STANDARD_LIBRARIES = YES;
				CODE_SIGN_STYLE = Automatic;
				CURRENT_PROJECT_VERSION = 1;
				DEVELOPMENT_TEAM = 9CPBHL5DUL;
				GENERATE_INFOPLIST_FILE = YES;
				MARKETING_VERSION = 1.0;
				PRODUCT_BUNDLE_IDENTIFIER = com.jhtutorial.SwiftDataBirthdaysUITests;
				PRODUCT_NAME = "$(TARGET_NAME)";
				SWIFT_EMIT_LOC_STRINGS = NO;
				SWIFT_VERSION = 5.0;
				TARGETED_DEVICE_FAMILY = "1,2";
				TEST_TARGET_NAME = SwiftDataBirthdays;
			};
			name = Release;
		};
/* End XCBuildConfiguration section */

/* Begin XCConfigurationList section */
		9D8D12172C385E6200351298 /* Build configuration list for PBXProject "SwiftDataBirthdays" */ = {
			isa = XCConfigurationList;
			buildConfigurations = (
				9D8D123E2C385E6300351298 /* Debug */,
				9D8D123F2C385E6300351298 /* Release */,
			);
			defaultConfigurationIsVisible = 0;
			defaultConfigurationName = Release;
		};
		9D8D12402C385E6300351298 /* Build configuration list for PBXNativeTarget "SwiftDataBirthdays" */ = {
			isa = XCConfigurationList;
			buildConfigurations = (
				9D8D12412C385E6300351298 /* Debug */,
				9D8D12422C385E6300351298 /* Release */,
			);
			defaultConfigurationIsVisible = 0;
			defaultConfigurationName = Release;
		};
		9D8D12432C385E6300351298 /* Build configuration list for PBXNativeTarget "SwiftDataBirthdaysTests" */ = {
			isa = XCConfigurationList;
			buildConfigurations = (
				9D8D12442C385E6300351298 /* Debug */,
				9D8D12452C385E6300351298 /* Release */,
			);
			defaultConfigurationIsVisible = 0;
			defaultConfigurationName = Release;
		};
		9D8D12462C385E6300351298 /* Build configuration list for PBXNativeTarget "SwiftDataBirthdaysUITests" */ = {
			isa = XCConfigurationList;
			buildConfigurations = (
				9D8D12472C385E6300351298 /* Debug */,
				9D8D12482C385E6300351298 /* Release */,
			);
			defaultConfigurationIsVisible = 0;
			defaultConfigurationName = Release;
		};
/* End XCConfigurationList section */
	};
	rootObject = 9D8D12142C385E6200351298 /* Project object */;
}
